
Microsoft Visual Studio Solution File, Format Version 12.00
# Visual Studio Version 17
VisualStudioVersion = 17.10.35027.167
MinimumVisualStudioVersion = 10.0.40219.1
Project("{FAE04EC0-301F-11D3-BF4B-00C04F79EFBC}") = "SoftPubDBManager", "SoftPubDBManager\SoftPubDBManager.csproj", "{FED4EC5A-B226-4C2D-BB27-8D31953895B2}"
EndProject
Project("{FAE04EC0-301F-11D3-BF4B-00C04F79EFBC}") = "SoftPubDBManagerTest", "SoftPubDBManagerTest\SoftPubDBManagerTest.csproj", "{4BEB3809-D112-4CEB-B436-65FCEAF6B04A}"
EndProject
Project("{FAE04EC0-301F-11D3-BF4B-00C04F79EFBC}") = "SoftPubPersonaModel", "SoftPubPersonaModel\SoftPubPersonaModel.csproj", "{453509D4-02D2-482A-884B-98E7AB9AEDE7}"
EndProject
Project("{FAE04EC0-301F-11D3-BF4B-00C04F79EFBC}") = "SoftPubPersonaDA", "SoftPubPersonaControler\SoftPubPersonaDA.csproj", "{12313258-6180-45D7-A3FA-8C3A38F5D99B}"
EndProject
Project("{FAE04EC0-301F-11D3-BF4B-00C04F79EFBC}") = "SoftPubPersonaBO", "SoftPubPersonaBussiness\SoftPubPersonaBO.csproj", "{C0668B29-DA82-4F4D-B84C-55886DA5DF70}"
EndProject
Project("{FAE04EC0-301F-11D3-BF4B-00C04F79EFBC}") = "SoftPubPersonaTest", "SoftPubPersonaTest\SoftPubPersonaTest.csproj", "{25B56D7A-970A-445C-8878-5E6DE60BE720}"
EndProject
Project("{FAE04EC0-301F-11D3-BF4B-00C04F79EFBC}") = "SoftPubPublicacionModel", "SoftPubPublicacionModel\SoftPubPublicacionModel.csproj", "{9A3F438A-98FA-4F56-A612-69D102E7F5D3}"
EndProject
Project("{FAE04EC0-301F-11D3-BF4B-00C04F79EFBC}") = "SoftPubPublicacionDA", "SoftPubPublicacionControler\SoftPubPublicacionDA.csproj", "{B62DC0AB-35BF-4E77-9C65-23C76735957F}"
EndProject
Project("{FAE04EC0-301F-11D3-BF4B-00C04F79EFBC}") = "SoftPubPublicacionBO", "SoftPubPublicacionBussiness\SoftPubPublicacionBO.csproj", "{2BD9495C-80A4-4048-B56B-744BC533FC8F}"
EndProject
Project("{FAE04EC0-301F-11D3-BF4B-00C04F79EFBC}") = "SoftPubPublicacionTest", "SoftPubPublicacionTest\SoftPubPublicacionTest.csproj", "{88CA9D8F-21C9-4921-AC2D-4AC74C44A5B4}"
EndProject
Project("{FAE04EC0-301F-11D3-BF4B-00C04F79EFBC}") = "SoftPubGrupoModel", "SoftPubGrupoModel\SoftPubGrupoModel.csproj", "{0AFD3429-E837-412F-918F-E05945BC1DFB}"
EndProject
Project("{FAE04EC0-301F-11D3-BF4B-00C04F79EFBC}") = "SoftPubGrupoDA", "SoftPubGrupoControler\SoftPubGrupoDA.csproj", "{91C76721-6F7B-42FF-AB0A-618D7ABB3DB5}"
EndProject
Project("{FAE04EC0-301F-11D3-BF4B-00C04F79EFBC}") = "SoftPubGrupoBO", "SoftPubGrupoBussiness\SoftPubGrupoBO.csproj", "{A534AE8E-6072-40F7-BC61-D0977C886ADB}"
EndProject
Project("{FAE04EC0-301F-11D3-BF4B-00C04F79EFBC}") = "SoftPubGrupoTest", "SoftPubGrupoTest\SoftPubGrupoTest.csproj", "{C61F90C9-9686-47D8-BE0D-08C3EA64EE6C}"
EndProject
Project("{FAE04EC0-301F-11D3-BF4B-00C04F79EFBC}") = "SoftPubWA", "SoftPubWA\SoftPubWA.csproj", "{6EB137C5-304F-4414-AD1D-353B748D835A}"
EndProject
Global
	GlobalSection(SolutionConfigurationPlatforms) = preSolution
		Debug|Any CPU = Debug|Any CPU
		Release|Any CPU = Release|Any CPU
	EndGlobalSection
	GlobalSection(ProjectConfigurationPlatforms) = postSolution
		{FED4EC5A-B226-4C2D-BB27-8D31953895B2}.Debug|Any CPU.ActiveCfg = Debug|Any CPU
		{FED4EC5A-B226-4C2D-BB27-8D31953895B2}.Debug|Any CPU.Build.0 = Debug|Any CPU
		{FED4EC5A-B226-4C2D-BB27-8D31953895B2}.Release|Any CPU.ActiveCfg = Release|Any CPU
		{FED4EC5A-B226-4C2D-BB27-8D31953895B2}.Release|Any CPU.Build.0 = Release|Any CPU
		{4BEB3809-D112-4CEB-B436-65FCEAF6B04A}.Debug|Any CPU.ActiveCfg = Debug|Any CPU
		{4BEB3809-D112-4CEB-B436-65FCEAF6B04A}.Debug|Any CPU.Build.0 = Debug|Any CPU
		{4BEB3809-D112-4CEB-B436-65FCEAF6B04A}.Release|Any CPU.ActiveCfg = Release|Any CPU
		{4BEB3809-D112-4CEB-B436-65FCEAF6B04A}.Release|Any CPU.Build.0 = Release|Any CPU
		{453509D4-02D2-482A-884B-98E7AB9AEDE7}.Debug|Any CPU.ActiveCfg = Debug|Any CPU
		{453509D4-02D2-482A-884B-98E7AB9AEDE7}.Debug|Any CPU.Build.0 = Debug|Any CPU
		{453509D4-02D2-482A-884B-98E7AB9AEDE7}.Release|Any CPU.ActiveCfg = Release|Any CPU
		{453509D4-02D2-482A-884B-98E7AB9AEDE7}.Release|Any CPU.Build.0 = Release|Any CPU
		{12313258-6180-45D7-A3FA-8C3A38F5D99B}.Debug|Any CPU.ActiveCfg = Debug|Any CPU
		{12313258-6180-45D7-A3FA-8C3A38F5D99B}.Debug|Any CPU.Build.0 = Debug|Any CPU
		{12313258-6180-45D7-A3FA-8C3A38F5D99B}.Release|Any CPU.ActiveCfg = Release|Any CPU
		{12313258-6180-45D7-A3FA-8C3A38F5D99B}.Release|Any CPU.Build.0 = Release|Any CPU
		{C0668B29-DA82-4F4D-B84C-55886DA5DF70}.Debug|Any CPU.ActiveCfg = Debug|Any CPU
		{C0668B29-DA82-4F4D-B84C-55886DA5DF70}.Debug|Any CPU.Build.0 = Debug|Any CPU
		{C0668B29-DA82-4F4D-B84C-55886DA5DF70}.Release|Any CPU.ActiveCfg = Release|Any CPU
		{C0668B29-DA82-4F4D-B84C-55886DA5DF70}.Release|Any CPU.Build.0 = Release|Any CPU
		{25B56D7A-970A-445C-8878-5E6DE60BE720}.Debug|Any CPU.ActiveCfg = Debug|Any CPU
		{25B56D7A-970A-445C-8878-5E6DE60BE720}.Debug|Any CPU.Build.0 = Debug|Any CPU
		{25B56D7A-970A-445C-8878-5E6DE60BE720}.Release|Any CPU.ActiveCfg = Release|Any CPU
		{25B56D7A-970A-445C-8878-5E6DE60BE720}.Release|Any CPU.Build.0 = Release|Any CPU
		{9A3F438A-98FA-4F56-A612-69D102E7F5D3}.Debug|Any CPU.ActiveCfg = Debug|Any CPU
		{9A3F438A-98FA-4F56-A612-69D102E7F5D3}.Debug|Any CPU.Build.0 = Debug|Any CPU
		{9A3F438A-98FA-4F56-A612-69D102E7F5D3}.Release|Any CPU.ActiveCfg = Release|Any CPU
		{9A3F438A-98FA-4F56-A612-69D102E7F5D3}.Release|Any CPU.Build.0 = Release|Any CPU
		{B62DC0AB-35BF-4E77-9C65-23C76735957F}.Debug|Any CPU.ActiveCfg = Debug|Any CPU
		{B62DC0AB-35BF-4E77-9C65-23C76735957F}.Debug|Any CPU.Build.0 = Debug|Any CPU
		{B62DC0AB-35BF-4E77-9C65-23C76735957F}.Release|Any CPU.ActiveCfg = Release|Any CPU
		{B62DC0AB-35BF-4E77-9C65-23C76735957F}.Release|Any CPU.Build.0 = Release|Any CPU
		{2BD9495C-80A4-4048-B56B-744BC533FC8F}.Debug|Any CPU.ActiveCfg = Debug|Any CPU
		{2BD9495C-80A4-4048-B56B-744BC533FC8F}.Debug|Any CPU.Build.0 = Debug|Any CPU
		{2BD9495C-80A4-4048-B56B-744BC533FC8F}.Release|Any CPU.ActiveCfg = Release|Any CPU
		{2BD9495C-80A4-4048-B56B-744BC533FC8F}.Release|Any CPU.Build.0 = Release|Any CPU
		{88CA9D8F-21C9-4921-AC2D-4AC74C44A5B4}.Debug|Any CPU.ActiveCfg = Debug|Any CPU
		{88CA9D8F-21C9-4921-AC2D-4AC74C44A5B4}.Debug|Any CPU.Build.0 = Debug|Any CPU
		{88CA9D8F-21C9-4921-AC2D-4AC74C44A5B4}.Release|Any CPU.ActiveCfg = Release|Any CPU
		{88CA9D8F-21C9-4921-AC2D-4AC74C44A5B4}.Release|Any CPU.Build.0 = Release|Any CPU
		{0AFD3429-E837-412F-918F-E05945BC1DFB}.Debug|Any CPU.ActiveCfg = Debug|Any CPU
		{0AFD3429-E837-412F-918F-E05945BC1DFB}.Debug|Any CPU.Build.0 = Debug|Any CPU
		{0AFD3429-E837-412F-918F-E05945BC1DFB}.Release|Any CPU.ActiveCfg = Release|Any CPU
		{0AFD3429-E837-412F-918F-E05945BC1DFB}.Release|Any CPU.Build.0 = Release|Any CPU
		{91C76721-6F7B-42FF-AB0A-618D7ABB3DB5}.Debug|Any CPU.ActiveCfg = Debug|Any CPU
		{91C76721-6F7B-42FF-AB0A-618D7ABB3DB5}.Debug|Any CPU.Build.0 = Debug|Any CPU
		{91C76721-6F7B-42FF-AB0A-618D7ABB3DB5}.Release|Any CPU.ActiveCfg = Release|Any CPU
		{91C76721-6F7B-42FF-AB0A-618D7ABB3DB5}.Release|Any CPU.Build.0 = Release|Any CPU
		{A534AE8E-6072-40F7-BC61-D0977C886ADB}.Debug|Any CPU.ActiveCfg = Debug|Any CPU
		{A534AE8E-6072-40F7-BC61-D0977C886ADB}.Debug|Any CPU.Build.0 = Debug|Any CPU
		{A534AE8E-6072-40F7-BC61-D0977C886ADB}.Release|Any CPU.ActiveCfg = Release|Any CPU
		{A534AE8E-6072-40F7-BC61-D0977C886ADB}.Release|Any CPU.Build.0 = Release|Any CPU
		{C61F90C9-9686-47D8-BE0D-08C3EA64EE6C}.Debug|Any CPU.ActiveCfg = Debug|Any CPU
		{C61F90C9-9686-47D8-BE0D-08C3EA64EE6C}.Debug|Any CPU.Build.0 = Debug|Any CPU
		{C61F90C9-9686-47D8-BE0D-08C3EA64EE6C}.Release|Any CPU.ActiveCfg = Release|Any CPU
		{C61F90C9-9686-47D8-BE0D-08C3EA64EE6C}.Release|Any CPU.Build.0 = Release|Any CPU
		{6EB137C5-304F-4414-AD1D-353B748D835A}.Debug|Any CPU.ActiveCfg = Debug|Any CPU
		{6EB137C5-304F-4414-AD1D-353B748D835A}.Debug|Any CPU.Build.0 = Debug|Any CPU
		{6EB137C5-304F-4414-AD1D-353B748D835A}.Release|Any CPU.ActiveCfg = Release|Any CPU
		{6EB137C5-304F-4414-AD1D-353B748D835A}.Release|Any CPU.Build.0 = Release|Any CPU
	EndGlobalSection
	GlobalSection(SolutionProperties) = preSolution
		HideSolutionNode = FALSE
	EndGlobalSection
	GlobalSection(ExtensibilityGlobals) = postSolution
		SolutionGuid = {D36E233D-B6D1-4742-A8EE-E5F6E5D76280}
	EndGlobalSection
EndGlobal
