
Microsoft Visual Studio Solution File, Format Version 12.00
# Visual Studio Version 17
VisualStudioVersion = 17.11.35327.3
MinimumVisualStudioVersion = 10.0.40219.1
Project("{FAE04EC0-301F-11D3-BF4B-00C04F79EFBC}") = "SoftPubWA", "SoftPubWA\SoftPubWA.csproj", "{AF1E691F-6749-48A2-8240-75D8FA0B9F86}"
EndProject
Project("{FAE04EC0-301F-11D3-BF4B-00C04F79EFBC}") = "SoftPubBO", "SoftPubBO\SoftPubBO.csproj", "{761FB66C-15F1-4C76-9533-20DEC69BC224}"
EndProject
Project("{FAE04EC0-301F-11D3-BF4B-00C04F79EFBC}") = "SoftPubPersonaBO", "SoftPubPersonaBO\SoftPubPersonaBO.csproj", "{75B6E06E-254A-4507-B6E9-26E669D6BA6F}"
EndProject
Project("{FAE04EC0-301F-11D3-BF4B-00C04F79EFBC}") = "SoftPubPersonaTest", "SoftPubPersonaTest\SoftPubPersonaTest.csproj", "{34E6DF59-3B23-422F-8CB1-8410C4487A70}"
EndProject
Global
	GlobalSection(SolutionConfigurationPlatforms) = preSolution
		Debug|Any CPU = Debug|Any CPU
		Release|Any CPU = Release|Any CPU
	EndGlobalSection
	GlobalSection(ProjectConfigurationPlatforms) = postSolution
		{AF1E691F-6749-48A2-8240-75D8FA0B9F86}.Debug|Any CPU.ActiveCfg = Debug|Any CPU
		{AF1E691F-6749-48A2-8240-75D8FA0B9F86}.Debug|Any CPU.Build.0 = Debug|Any CPU
		{AF1E691F-6749-48A2-8240-75D8FA0B9F86}.Release|Any CPU.ActiveCfg = Release|Any CPU
		{AF1E691F-6749-48A2-8240-75D8FA0B9F86}.Release|Any CPU.Build.0 = Release|Any CPU
		{761FB66C-15F1-4C76-9533-20DEC69BC224}.Debug|Any CPU.ActiveCfg = Debug|Any CPU
		{761FB66C-15F1-4C76-9533-20DEC69BC224}.Debug|Any CPU.Build.0 = Debug|Any CPU
		{761FB66C-15F1-4C76-9533-20DEC69BC224}.Release|Any CPU.ActiveCfg = Release|Any CPU
		{761FB66C-15F1-4C76-9533-20DEC69BC224}.Release|Any CPU.Build.0 = Release|Any CPU
		{75B6E06E-254A-4507-B6E9-26E669D6BA6F}.Debug|Any CPU.ActiveCfg = Debug|Any CPU
		{75B6E06E-254A-4507-B6E9-26E669D6BA6F}.Debug|Any CPU.Build.0 = Debug|Any CPU
		{75B6E06E-254A-4507-B6E9-26E669D6BA6F}.Release|Any CPU.ActiveCfg = Release|Any CPU
		{75B6E06E-254A-4507-B6E9-26E669D6BA6F}.Release|Any CPU.Build.0 = Release|Any CPU
		{34E6DF59-3B23-422F-8CB1-8410C4487A70}.Debug|Any CPU.ActiveCfg = Debug|Any CPU
		{34E6DF59-3B23-422F-8CB1-8410C4487A70}.Debug|Any CPU.Build.0 = Debug|Any CPU
		{34E6DF59-3B23-422F-8CB1-8410C4487A70}.Release|Any CPU.ActiveCfg = Release|Any CPU
		{34E6DF59-3B23-422F-8CB1-8410C4487A70}.Release|Any CPU.Build.0 = Release|Any CPU
	EndGlobalSection
	GlobalSection(SolutionProperties) = preSolution
		HideSolutionNode = FALSE
	EndGlobalSection
	GlobalSection(ExtensibilityGlobals) = postSolution
		SolutionGuid = {C3951FA4-9B0E-4ABA-8E62-F0597C802BEE}
	EndGlobalSection
EndGlobal
