
Microsoft Visual Studio Solution File, Format Version 12.00
# Visual Studio Version 17
VisualStudioVersion = 17.11.35327.3
MinimumVisualStudioVersion = 10.0.40219.1
Project("{FAE04EC0-301F-11D3-BF4B-00C04F79EFBC}") = "SoftPubWA", "SoftPubWA\SoftPubWA.csproj", "{AF1E691F-6749-48A2-8240-75D8FA0B9F86}"
EndProject
Project("{FAE04EC0-301F-11D3-BF4B-00C04F79EFBC}") = "SoftPubBaseBO", "SoftPubBaseBO\SoftPubBaseBO.csproj", "{1AF9223E-E179-432F-B67E-B3C50651CD90}"
EndProject
Project("{FAE04EC0-301F-11D3-BF4B-00C04F79EFBC}") = "SoftPubPersonaBO", "SoftPubPersonaBO\SoftPubPersonaBO.csproj", "{A0461741-A258-4D32-B6C6-BD4E3511506B}"
EndProject
Project("{FAE04EC0-301F-11D3-BF4B-00C04F79EFBC}") = "SoftPubPersonaTest", "SoftPubPersonaTest\SoftPubPersonaTest.csproj", "{86B70A24-2400-4A61-B223-EFB586F86730}"
EndProject
Global
	GlobalSection(SolutionConfigurationPlatforms) = preSolution
		Debug|Any CPU = Debug|Any CPU
		Release|Any CPU = Release|Any CPU
	EndGlobalSection
	GlobalSection(ProjectConfigurationPlatforms) = postSolution
		{AF1E691F-6749-48A2-8240-75D8FA0B9F86}.Debug|Any CPU.ActiveCfg = Debug|Any CPU
		{AF1E691F-6749-48A2-8240-75D8FA0B9F86}.Debug|Any CPU.Build.0 = Debug|Any CPU
		{AF1E691F-6749-48A2-8240-75D8FA0B9F86}.Release|Any CPU.ActiveCfg = Release|Any CPU
		{AF1E691F-6749-48A2-8240-75D8FA0B9F86}.Release|Any CPU.Build.0 = Release|Any CPU
		{1AF9223E-E179-432F-B67E-B3C50651CD90}.Debug|Any CPU.ActiveCfg = Debug|Any CPU
		{1AF9223E-E179-432F-B67E-B3C50651CD90}.Debug|Any CPU.Build.0 = Debug|Any CPU
		{1AF9223E-E179-432F-B67E-B3C50651CD90}.Release|Any CPU.ActiveCfg = Release|Any CPU
		{1AF9223E-E179-432F-B67E-B3C50651CD90}.Release|Any CPU.Build.0 = Release|Any CPU
		{A0461741-A258-4D32-B6C6-BD4E3511506B}.Debug|Any CPU.ActiveCfg = Debug|Any CPU
		{A0461741-A258-4D32-B6C6-BD4E3511506B}.Debug|Any CPU.Build.0 = Debug|Any CPU
		{A0461741-A258-4D32-B6C6-BD4E3511506B}.Release|Any CPU.ActiveCfg = Release|Any CPU
		{A0461741-A258-4D32-B6C6-BD4E3511506B}.Release|Any CPU.Build.0 = Release|Any CPU
		{86B70A24-2400-4A61-B223-EFB586F86730}.Debug|Any CPU.ActiveCfg = Debug|Any CPU
		{86B70A24-2400-4A61-B223-EFB586F86730}.Debug|Any CPU.Build.0 = Debug|Any CPU
		{86B70A24-2400-4A61-B223-EFB586F86730}.Release|Any CPU.ActiveCfg = Release|Any CPU
		{86B70A24-2400-4A61-B223-EFB586F86730}.Release|Any CPU.Build.0 = Release|Any CPU
	EndGlobalSection
	GlobalSection(SolutionProperties) = preSolution
		HideSolutionNode = FALSE
	EndGlobalSection
	GlobalSection(ExtensibilityGlobals) = postSolution
		SolutionGuid = {C3951FA4-9B0E-4ABA-8E62-F0597C802BEE}
	EndGlobalSection
EndGlobal
